
Microsoft Visual Studio Solution File, Format Version 12.00
# Visual Studio Version 17
VisualStudioVersion = 17.7.34221.43
MinimumVisualStudioVersion = 10.0.40219.1
Project("{9A19103F-16F7-4668-BE54-9A1E7A4F7556}") = "Chat", "Chat.csproj", "{B05A0228-3D84-498A-B697-32A5E64BEEFB}"
EndProject
Project("{FAE04EC0-301F-11D3-BF4B-00C04F79EFBC}") = "TestChat", "..\TestChat\TestChat.csproj", "{4D27706C-6E5E-489A-974D-0504A9687E55}"
EndProject
Global
	GlobalSection(SolutionConfigurationPlatforms) = preSolution
		Debug|Any CPU = Debug|Any CPU
		Release|Any CPU = Release|Any CPU
	EndGlobalSection
	GlobalSection(ProjectConfigurationPlatforms) = postSolution
		{B05A0228-3D84-498A-B697-32A5E64BEEFB}.Debug|Any CPU.ActiveCfg = Debug|Any CPU
		{B05A0228-3D84-498A-B697-32A5E64BEEFB}.Debug|Any CPU.Build.0 = Debug|Any CPU
		{B05A0228-3D84-498A-B697-32A5E64BEEFB}.Release|Any CPU.ActiveCfg = Release|Any CPU
		{B05A0228-3D84-498A-B697-32A5E64BEEFB}.Release|Any CPU.Build.0 = Release|Any CPU
		{4D27706C-6E5E-489A-974D-0504A9687E55}.Debug|Any CPU.ActiveCfg = Debug|Any CPU
		{4D27706C-6E5E-489A-974D-0504A9687E55}.Debug|Any CPU.Build.0 = Debug|Any CPU
		{4D27706C-6E5E-489A-974D-0504A9687E55}.Release|Any CPU.ActiveCfg = Release|Any CPU
		{4D27706C-6E5E-489A-974D-0504A9687E55}.Release|Any CPU.Build.0 = Release|Any CPU
	EndGlobalSection
	GlobalSection(SolutionProperties) = preSolution
		HideSolutionNode = FALSE
	EndGlobalSection
	GlobalSection(ExtensibilityGlobals) = postSolution
		SolutionGuid = {FA90E77D-20F6-4F12-A370-A1667D021D8F}
	EndGlobalSection
EndGlobal
